// !$*UTF8*$!
{
	archiveVersion = 1;
	classes = {
	};
	objectVersion = 46;
	objects = {

/* Begin PBXBuildFile section */
		4CD00A2B1A0166C700281C86 /* main.m in Sources */ = {isa = PBXBuildFile; fileRef = 4CD00A2A1A0166C700281C86 /* main.m */; };
		4CD00A2E1A0166C700281C86 /* AppDelegate.m in Sources */ = {isa = PBXBuildFile; fileRef = 4CD00A2D1A0166C700281C86 /* AppDelegate.m */; };
		4CD00A311A0166C700281C86 /* ViewController.mm in Sources */ = {isa = PBXBuildFile; fileRef = 4CD00A301A0166C700281C86 /* ViewController.mm */; };
		4CD00A341A0166C700281C86 /* Main.storyboard in Resources */ = {isa = PBXBuildFile; fileRef = 4CD00A321A0166C700281C86 /* Main.storyboard */; };
		4CD00A361A0166C700281C86 /* Images.xcassets in Resources */ = {isa = PBXBuildFile; fileRef = 4CD00A351A0166C700281C86 /* Images.xcassets */; };
		4CD00A391A0166C700281C86 /* LaunchScreen.xib in Resources */ = {isa = PBXBuildFile; fileRef = 4CD00A371A0166C700281C86 /* LaunchScreen.xib */; };
		4CD00A451A0166C700281C86 /* ParticlesTests.m in Sources */ = {isa = PBXBuildFile; fileRef = 4CD00A441A0166C700281C86 /* ParticlesTests.m */; };
		4CD00A4F1A01676500281C86 /* Metal.framework in Frameworks */ = {isa = PBXBuildFile; fileRef = 4CD00A4E1A01676500281C86 /* Metal.framework */; };
		4CD00A511A0168A000281C86 /* QuartzCore.framework in Frameworks */ = {isa = PBXBuildFile; fileRef = 4CD00A501A0168A000281C86 /* QuartzCore.framework */; };
		4CD00A531A0168BD00281C86 /* Foundation.framework in Frameworks */ = {isa = PBXBuildFile; fileRef = 4CD00A521A0168BD00281C86 /* Foundation.framework */; };
		4CD00A551A0168C200281C86 /* UIKit.framework in Frameworks */ = {isa = PBXBuildFile; fileRef = 4CD00A541A0168C200281C86 /* UIKit.framework */; };
		4CD00A571A01930400281C86 /* Projection.metal in Sources */ = {isa = PBXBuildFile; fileRef = 4CD00A561A01930400281C86 /* Projection.metal */; };
/* End PBXBuildFile section */

/* Begin PBXContainerItemProxy section */
		4CD00A3F1A0166C700281C86 /* PBXContainerItemProxy */ = {
			isa = PBXContainerItemProxy;
			containerPortal = 4CD00A1D1A0166C700281C86 /* Project object */;
			proxyType = 1;
			remoteGlobalIDString = 4CD00A241A0166C700281C86;
			remoteInfo = Particles;
		};
/* End PBXContainerItemProxy section */

/* Begin PBXFileReference section */
		4CD00A251A0166C700281C86 /* Particles.app */ = {isa = PBXFileReference; explicitFileType = wrapper.application; includeInIndex = 0; path = Particles.app; sourceTree = BUILT_PRODUCTS_DIR; };
		4CD00A291A0166C700281C86 /* Info.plist */ = {isa = PBXFileReference; lastKnownFileType = text.plist.xml; path = Info.plist; sourceTree = "<group>"; };
		4CD00A2A1A0166C700281C86 /* main.m */ = {isa = PBXFileReference; lastKnownFileType = sourcecode.c.objc; path = main.m; sourceTree = "<group>"; };
		4CD00A2C1A0166C700281C86 /* AppDelegate.h */ = {isa = PBXFileReference; lastKnownFileType = sourcecode.c.h; path = AppDelegate.h; sourceTree = "<group>"; };
		4CD00A2D1A0166C700281C86 /* AppDelegate.m */ = {isa = PBXFileReference; lastKnownFileType = sourcecode.c.objc; path = AppDelegate.m; sourceTree = "<group>"; };
		4CD00A2F1A0166C700281C86 /* ViewController.h */ = {isa = PBXFileReference; lastKnownFileType = sourcecode.c.h; path = ViewController.h; sourceTree = "<group>"; };
		4CD00A301A0166C700281C86 /* ViewController.mm */ = {isa = PBXFileReference; lastKnownFileType = sourcecode.cpp.objcpp; path = ViewController.mm; sourceTree = "<group>"; };
		4CD00A331A0166C700281C86 /* Base */ = {isa = PBXFileReference; lastKnownFileType = file.storyboard; name = Base; path = Base.lproj/Main.storyboard; sourceTree = "<group>"; };
		4CD00A351A0166C700281C86 /* Images.xcassets */ = {isa = PBXFileReference; lastKnownFileType = folder.assetcatalog; path = Images.xcassets; sourceTree = "<group>"; };
		4CD00A381A0166C700281C86 /* Base */ = {isa = PBXFileReference; lastKnownFileType = file.xib; name = Base; path = Base.lproj/LaunchScreen.xib; sourceTree = "<group>"; };
		4CD00A3E1A0166C700281C86 /* ParticlesTests.xctest */ = {isa = PBXFileReference; explicitFileType = wrapper.cfbundle; includeInIndex = 0; path = ParticlesTests.xctest; sourceTree = BUILT_PRODUCTS_DIR; };
		4CD00A431A0166C700281C86 /* Info.plist */ = {isa = PBXFileReference; lastKnownFileType = text.plist.xml; path = Info.plist; sourceTree = "<group>"; };
		4CD00A441A0166C700281C86 /* ParticlesTests.m */ = {isa = PBXFileReference; lastKnownFileType = sourcecode.c.objc; path = ParticlesTests.m; sourceTree = "<group>"; };
		4CD00A4E1A01676500281C86 /* Metal.framework */ = {isa = PBXFileReference; lastKnownFileType = wrapper.framework; name = Metal.framework; path = System/Library/Frameworks/Metal.framework; sourceTree = SDKROOT; };
		4CD00A501A0168A000281C86 /* QuartzCore.framework */ = {isa = PBXFileReference; lastKnownFileType = wrapper.framework; name = QuartzCore.framework; path = System/Library/Frameworks/QuartzCore.framework; sourceTree = SDKROOT; };
		4CD00A521A0168BD00281C86 /* Foundation.framework */ = {isa = PBXFileReference; lastKnownFileType = wrapper.framework; name = Foundation.framework; path = System/Library/Frameworks/Foundation.framework; sourceTree = SDKROOT; };
		4CD00A541A0168C200281C86 /* UIKit.framework */ = {isa = PBXFileReference; lastKnownFileType = wrapper.framework; name = UIKit.framework; path = System/Library/Frameworks/UIKit.framework; sourceTree = SDKROOT; };
		4CD00A561A01930400281C86 /* Projection.metal */ = {isa = PBXFileReference; fileEncoding = 4; lastKnownFileType = sourcecode.metal; path = Projection.metal; sourceTree = "<group>"; };
		4CD00A581A02242600281C86 /* Uniforms.h */ = {isa = PBXFileReference; lastKnownFileType = sourcecode.c.h; path = Uniforms.h; sourceTree = "<group>"; };
/* End PBXFileReference section */

/* Begin PBXFrameworksBuildPhase section */
		4CD00A221A0166C700281C86 /* Frameworks */ = {
			isa = PBXFrameworksBuildPhase;
			buildActionMask = 2147483647;
			files = (
				4CD00A551A0168C200281C86 /* UIKit.framework in Frameworks */,
				4CD00A531A0168BD00281C86 /* Foundation.framework in Frameworks */,
				4CD00A511A0168A000281C86 /* QuartzCore.framework in Frameworks */,
				4CD00A4F1A01676500281C86 /* Metal.framework in Frameworks */,
			);
			runOnlyForDeploymentPostprocessing = 0;
		};
		4CD00A3B1A0166C700281C86 /* Frameworks */ = {
			isa = PBXFrameworksBuildPhase;
			buildActionMask = 2147483647;
			files = (
			);
			runOnlyForDeploymentPostprocessing = 0;
		};
/* End PBXFrameworksBuildPhase section */

/* Begin PBXGroup section */
		4CD00A1C1A0166C700281C86 = {
			isa = PBXGroup;
			children = (
				4CD00A271A0166C700281C86 /* Particles */,
				4CD00A411A0166C700281C86 /* ParticlesTests */,
				4CD00A261A0166C700281C86 /* Products */,
			);
			sourceTree = "<group>";
		};
		4CD00A261A0166C700281C86 /* Products */ = {
			isa = PBXGroup;
			children = (
				4CD00A251A0166C700281C86 /* Particles.app */,
				4CD00A3E1A0166C700281C86 /* ParticlesTests.xctest */,
			);
			name = Products;
			sourceTree = "<group>";
		};
		4CD00A271A0166C700281C86 /* Particles */ = {
			isa = PBXGroup;
			children = (
				4CD00A2C1A0166C700281C86 /* AppDelegate.h */,
				4CD00A2D1A0166C700281C86 /* AppDelegate.m */,
				4CD00A2F1A0166C700281C86 /* ViewController.h */,
				4CD00A301A0166C700281C86 /* ViewController.mm */,
				4CD00A321A0166C700281C86 /* Main.storyboard */,
				4CD00A351A0166C700281C86 /* Images.xcassets */,
				4CD00A371A0166C700281C86 /* LaunchScreen.xib */,
				4CD00A281A0166C700281C86 /* Supporting Files */,
				4CD00A561A01930400281C86 /* Projection.metal */,
				4CD00A581A02242600281C86 /* Uniforms.h */,
			);
			path = Particles;
			sourceTree = "<group>";
		};
		4CD00A281A0166C700281C86 /* Supporting Files */ = {
			isa = PBXGroup;
			children = (
				4CD00A541A0168C200281C86 /* UIKit.framework */,
				4CD00A521A0168BD00281C86 /* Foundation.framework */,
				4CD00A501A0168A000281C86 /* QuartzCore.framework */,
				4CD00A4E1A01676500281C86 /* Metal.framework */,
				4CD00A291A0166C700281C86 /* Info.plist */,
				4CD00A2A1A0166C700281C86 /* main.m */,
			);
			name = "Supporting Files";
			sourceTree = "<group>";
		};
		4CD00A411A0166C700281C86 /* ParticlesTests */ = {
			isa = PBXGroup;
			children = (
				4CD00A441A0166C700281C86 /* ParticlesTests.m */,
				4CD00A421A0166C700281C86 /* Supporting Files */,
			);
			path = ParticlesTests;
			sourceTree = "<group>";
		};
		4CD00A421A0166C700281C86 /* Supporting Files */ = {
			isa = PBXGroup;
			children = (
				4CD00A431A0166C700281C86 /* Info.plist */,
			);
			name = "Supporting Files";
			sourceTree = "<group>";
		};
/* End PBXGroup section */

/* Begin PBXNativeTarget section */
		4CD00A241A0166C700281C86 /* Particles */ = {
			isa = PBXNativeTarget;
			buildConfigurationList = 4CD00A481A0166C700281C86 /* Build configuration list for PBXNativeTarget "Particles" */;
			buildPhases = (
				4CD00A211A0166C700281C86 /* Sources */,
				4CD00A221A0166C700281C86 /* Frameworks */,
				4CD00A231A0166C700281C86 /* Resources */,
			);
			buildRules = (
			);
			dependencies = (
			);
			name = Particles;
			productName = Particles;
			productReference = 4CD00A251A0166C700281C86 /* Particles.app */;
			productType = "com.apple.product-type.application";
		};
		4CD00A3D1A0166C700281C86 /* ParticlesTests */ = {
			isa = PBXNativeTarget;
			buildConfigurationList = 4CD00A4B1A0166C700281C86 /* Build configuration list for PBXNativeTarget "ParticlesTests" */;
			buildPhases = (
				4CD00A3A1A0166C700281C86 /* Sources */,
				4CD00A3B1A0166C700281C86 /* Frameworks */,
				4CD00A3C1A0166C700281C86 /* Resources */,
			);
			buildRules = (
			);
			dependencies = (
				4CD00A401A0166C700281C86 /* PBXTargetDependency */,
			);
			name = ParticlesTests;
			productName = ParticlesTests;
			productReference = 4CD00A3E1A0166C700281C86 /* ParticlesTests.xctest */;
			productType = "com.apple.product-type.bundle.unit-test";
		};
/* End PBXNativeTarget section */

/* Begin PBXProject section */
		4CD00A1D1A0166C700281C86 /* Project object */ = {
			isa = PBXProject;
			attributes = {
				LastUpgradeCheck = 0610;
				ORGANIZATIONNAME = Studio;
				TargetAttributes = {
					4CD00A241A0166C700281C86 = {
						CreatedOnToolsVersion = 6.1;
					};
					4CD00A3D1A0166C700281C86 = {
						CreatedOnToolsVersion = 6.1;
						TestTargetID = 4CD00A241A0166C700281C86;
					};
				};
			};
			buildConfigurationList = 4CD00A201A0166C700281C86 /* Build configuration list for PBXProject "Particles" */;
			compatibilityVersion = "Xcode 3.2";
			developmentRegion = English;
			hasScannedForEncodings = 0;
			knownRegions = (
				en,
				Base,
			);
			mainGroup = 4CD00A1C1A0166C700281C86;
			productRefGroup = 4CD00A261A0166C700281C86 /* Products */;
			projectDirPath = "";
			projectRoot = "";
			targets = (
				4CD00A241A0166C700281C86 /* Particles */,
				4CD00A3D1A0166C700281C86 /* ParticlesTests */,
			);
		};
/* End PBXProject section */

/* Begin PBXResourcesBuildPhase section */
		4CD00A231A0166C700281C86 /* Resources */ = {
			isa = PBXResourcesBuildPhase;
			buildActionMask = 2147483647;
			files = (
				4CD00A341A0166C700281C86 /* Main.storyboard in Resources */,
				4CD00A391A0166C700281C86 /* LaunchScreen.xib in Resources */,
				4CD00A361A0166C700281C86 /* Images.xcassets in Resources */,
			);
			runOnlyForDeploymentPostprocessing = 0;
		};
		4CD00A3C1A0166C700281C86 /* Resources */ = {
			isa = PBXResourcesBuildPhase;
			buildActionMask = 2147483647;
			files = (
			);
			runOnlyForDeploymentPostprocessing = 0;
		};
/* End PBXResourcesBuildPhase section */

/* Begin PBXSourcesBuildPhase section */
		4CD00A211A0166C700281C86 /* Sources */ = {
			isa = PBXSourcesBuildPhase;
			buildActionMask = 2147483647;
			files = (
				4CD00A311A0166C700281C86 /* ViewController.mm in Sources */,
				4CD00A2E1A0166C700281C86 /* AppDelegate.m in Sources */,
				4CD00A571A01930400281C86 /* Projection.metal in Sources */,
				4CD00A2B1A0166C700281C86 /* main.m in Sources */,
			);
			runOnlyForDeploymentPostprocessing = 0;
		};
		4CD00A3A1A0166C700281C86 /* Sources */ = {
			isa = PBXSourcesBuildPhase;
			buildActionMask = 2147483647;
			files = (
				4CD00A451A0166C700281C86 /* ParticlesTests.m in Sources */,
			);
			runOnlyForDeploymentPostprocessing = 0;
		};
/* End PBXSourcesBuildPhase section */

/* Begin PBXTargetDependency section */
		4CD00A401A0166C700281C86 /* PBXTargetDependency */ = {
			isa = PBXTargetDependency;
			target = 4CD00A241A0166C700281C86 /* Particles */;
			targetProxy = 4CD00A3F1A0166C700281C86 /* PBXContainerItemProxy */;
		};
/* End PBXTargetDependency section */

/* Begin PBXVariantGroup section */
		4CD00A321A0166C700281C86 /* Main.storyboard */ = {
			isa = PBXVariantGroup;
			children = (
				4CD00A331A0166C700281C86 /* Base */,
			);
			name = Main.storyboard;
			sourceTree = "<group>";
		};
		4CD00A371A0166C700281C86 /* LaunchScreen.xib */ = {
			isa = PBXVariantGroup;
			children = (
				4CD00A381A0166C700281C86 /* Base */,
			);
			name = LaunchScreen.xib;
			sourceTree = "<group>";
		};
/* End PBXVariantGroup section */

/* Begin XCBuildConfiguration section */
		4CD00A461A0166C700281C86 /* Debug */ = {
			isa = XCBuildConfiguration;
			buildSettings = {
				ALWAYS_SEARCH_USER_PATHS = NO;
				CLANG_CXX_LANGUAGE_STANDARD = "gnu++0x";
				CLANG_CXX_LIBRARY = "libc++";
				CLANG_ENABLE_MODULES = YES;
				CLANG_ENABLE_OBJC_ARC = YES;
				CLANG_WARN_BOOL_CONVERSION = YES;
				CLANG_WARN_CONSTANT_CONVERSION = YES;
				CLANG_WARN_DIRECT_OBJC_ISA_USAGE = YES_ERROR;
				CLANG_WARN_EMPTY_BODY = YES;
				CLANG_WARN_ENUM_CONVERSION = YES;
				CLANG_WARN_INT_CONVERSION = YES;
				CLANG_WARN_OBJC_ROOT_CLASS = YES_ERROR;
				CLANG_WARN_UNREACHABLE_CODE = YES;
				CLANG_WARN__DUPLICATE_METHOD_MATCH = YES;
				"CODE_SIGN_IDENTITY[sdk=iphoneos*]" = "iPhone Developer";
				COPY_PHASE_STRIP = NO;
				ENABLE_STRICT_OBJC_MSGSEND = YES;
				GCC_C_LANGUAGE_STANDARD = gnu99;
				GCC_DYNAMIC_NO_PIC = NO;
				GCC_OPTIMIZATION_LEVEL = 0;
				GCC_PREPROCESSOR_DEFINITIONS = (
					"DEBUG=1",
					"$(inherited)",
				);
				GCC_SYMBOLS_PRIVATE_EXTERN = NO;
				GCC_WARN_64_TO_32_BIT_CONVERSION = YES;
				GCC_WARN_ABOUT_RETURN_TYPE = YES_ERROR;
				GCC_WARN_UNDECLARED_SELECTOR = YES;
				GCC_WARN_UNINITIALIZED_AUTOS = YES_AGGRESSIVE;
				GCC_WARN_UNUSED_FUNCTION = YES;
				GCC_WARN_UNUSED_VARIABLE = YES;
				IPHONEOS_DEPLOYMENT_TARGET = 8.1;
				MTL_ENABLE_DEBUG_INFO = YES;
				ONLY_ACTIVE_ARCH = YES;
				SDKROOT = iphoneos;
				TARGETED_DEVICE_FAMILY = "1,2";
			};
			name = Debug;
		};
		4CD00A471A0166C700281C86 /* Release */ = {
			isa = XCBuildConfiguration;
			buildSettings = {
				ALWAYS_SEARCH_USER_PATHS = NO;
				CLANG_CXX_LANGUAGE_STANDARD = "gnu++0x";
				CLANG_CXX_LIBRARY = "libc++";
				CLANG_ENABLE_MODULES = YES;
				CLANG_ENABLE_OBJC_ARC = YES;
				CLANG_WARN_BOOL_CONVERSION = YES;
				CLANG_WARN_CONSTANT_CONVERSION = YES;
				CLANG_WARN_DIRECT_OBJC_ISA_USAGE = YES_ERROR;
				CLANG_WARN_EMPTY_BODY = YES;
				CLANG_WARN_ENUM_CONVERSION = YES;
				CLANG_WARN_INT_CONVERSION = YES;
				CLANG_WARN_OBJC_ROOT_CLASS = YES_ERROR;
				CLANG_WARN_UNREACHABLE_CODE = YES;
				CLANG_WARN__DUPLICATE_METHOD_MATCH = YES;
				"CODE_SIGN_IDENTITY[sdk=iphoneos*]" = "iPhone Developer";
				COPY_PHASE_STRIP = YES;
				ENABLE_NS_ASSERTIONS = NO;
				ENABLE_STRICT_OBJC_MSGSEND = YES;
				GCC_C_LANGUAGE_STANDARD = gnu99;
				GCC_WARN_64_TO_32_BIT_CONVERSION = YES;
				GCC_WARN_ABOUT_RETURN_TYPE = YES_ERROR;
				GCC_WARN_UNDECLARED_SELECTOR = YES;
				GCC_WARN_UNINITIALIZED_AUTOS = YES_AGGRESSIVE;
				GCC_WARN_UNUSED_FUNCTION = YES;
				GCC_WARN_UNUSED_VARIABLE = YES;
				IPHONEOS_DEPLOYMENT_TARGET = 8.1;
				MTL_ENABLE_DEBUG_INFO = NO;
				SDKROOT = iphoneos;
				TARGETED_DEVICE_FAMILY = "1,2";
				VALIDATE_PRODUCT = YES;
			};
			name = Release;
		};
		4CD00A491A0166C700281C86 /* Debug */ = {
			isa = XCBuildConfiguration;
			buildSettings = {
				ASSETCATALOG_COMPILER_APPICON_NAME = AppIcon;
				INFOPLIST_FILE = Particles/Info.plist;
				LD_RUNPATH_SEARCH_PATHS = "$(inherited) @executable_path/Frameworks";
				PRODUCT_NAME = "$(TARGET_NAME)";
			};
			name = Debug;
		};
		4CD00A4A1A0166C700281C86 /* Release */ = {
			isa = XCBuildConfiguration;
			buildSettings = {
				ASSETCATALOG_COMPILER_APPICON_NAME = AppIcon;
				INFOPLIST_FILE = Particles/Info.plist;
				LD_RUNPATH_SEARCH_PATHS = "$(inherited) @executable_path/Frameworks";
				PRODUCT_NAME = "$(TARGET_NAME)";
			};
			name = Release;
		};
		4CD00A4C1A0166C700281C86 /* Debug */ = {
			isa = XCBuildConfiguration;
			buildSettings = {
				BUNDLE_LOADER = "$(TEST_HOST)";
				FRAMEWORK_SEARCH_PATHS = (
					"$(SDKROOT)/Developer/Library/Frameworks",
					"$(inherited)",
				);
				GCC_PREPROCESSOR_DEFINITIONS = (
					"DEBUG=1",
					"$(inherited)",
				);
				INFOPLIST_FILE = ParticlesTests/Info.plist;
				LD_RUNPATH_SEARCH_PATHS = "$(inherited) @executable_path/Frameworks @loader_path/Frameworks";
				PRODUCT_NAME = "$(TARGET_NAME)";
				TEST_HOST = "$(BUILT_PRODUCTS_DIR)/Particles.app/Particles";
			};
			name = Debug;
		};
		4CD00A4D1A0166C700281C86 /* Release */ = {
			isa = XCBuildConfiguration;
			buildSettings = {
				BUNDLE_LOADER = "$(TEST_HOST)";
				FRAMEWORK_SEARCH_PATHS = (
					"$(SDKROOT)/Developer/Library/Frameworks",
					"$(inherited)",
				);
				INFOPLIST_FILE = ParticlesTests/Info.plist;
				LD_RUNPATH_SEARCH_PATHS = "$(inherited) @executable_path/Frameworks @loader_path/Frameworks";
				PRODUCT_NAME = "$(TARGET_NAME)";
				TEST_HOST = "$(BUILT_PRODUCTS_DIR)/Particles.app/Particles";
			};
			name = Release;
		};
/* End XCBuildConfiguration section */

/* Begin XCConfigurationList section */
		4CD00A201A0166C700281C86 /* Build configuration list for PBXProject "Particles" */ = {
			isa = XCConfigurationList;
			buildConfigurations = (
				4CD00A461A0166C700281C86 /* Debug */,
				4CD00A471A0166C700281C86 /* Release */,
			);
			defaultConfigurationIsVisible = 0;
			defaultConfigurationName = Release;
		};
		4CD00A481A0166C700281C86 /* Build configuration list for PBXNativeTarget "Particles" */ = {
			isa = XCConfigurationList;
			buildConfigurations = (
				4CD00A491A0166C700281C86 /* Debug */,
				4CD00A4A1A0166C700281C86 /* Release */,
			);
			defaultConfigurationIsVisible = 0;
		};
		4CD00A4B1A0166C700281C86 /* Build configuration list for PBXNativeTarget "ParticlesTests" */ = {
			isa = XCConfigurationList;
			buildConfigurations = (
				4CD00A4C1A0166C700281C86 /* Debug */,
				4CD00A4D1A0166C700281C86 /* Release */,
			);
			defaultConfigurationIsVisible = 0;
		};
/* End XCConfigurationList section */
	};
	rootObject = 4CD00A1D1A0166C700281C86 /* Project object */;
}
